<?xml version="1.0" encoding="utf-8"?>
<Project ToolsVersion="4.0" xmlns="http://schemas.microsoft.com/developer/msbuild/2003">
  <ItemGroup>
    <Filter Include="Source Files">
      <UniqueIdentifier>{4FC737F1-C7A5-4376-A066-2A32D752A2FF}</UniqueIdentifier>
      <Extensions>cpp;c;cc;cxx;c++;cppm;ixx;def;odl;idl;hpj;bat;asm;asmx</Extensions>
    </Filter>
    <Filter Include="Header Files">
      <UniqueIdentifier>{93995380-89BD-4b04-88EB-625FBE52EBFB}</UniqueIdentifier>
      <Extensions>h;hh;hpp;hxx;h++;hm;inl;inc;ipp;xsd</Extensions>
    </Filter>
    <Filter Include="Resource Files">
      <UniqueIdentifier>{67DA6AB6-F800-4c08-8B7A-83BB121AAD01}</UniqueIdentifier>
      <Extensions>rc;ico;cur;bmp;dlg;rc2;rct;bin;rgs;gif;jpg;jpeg;jpe;resx;tiff;tif;png;wav;mfcribbon-ms</Extensions>
    </Filter>
  </ItemGroup>
  <ItemGroup>
    <ClCompile Include="main.cpp">
      <Filter>Source Files</Filter>
    </ClCompile>
    <ClCompile Include="Disk.cpp">
      <Filter>Source Files</Filter>
    </ClCompile>
    <ClCompile Include="Light.cpp">
      <Filter>Source Files</Filter>
    </ClCompile>
    <ClCompile Include="Matrix22f.cpp">
      <Filter>Source Files</Filter>
    </ClCompile>
    <ClCompile Include="Matrix33f.cpp">
      <Filter>Source Files</Filter>
    </ClCompile>
    <ClCompile Include="Matrix44f.cpp">
      <Filter>Source Files</Filter>
    </ClCompile>
    <ClCompile Include="Object.cpp">
      <Filter>Source Files</Filter>
    </ClCompile>
    <ClCompile Include="Plane.cpp">
      <Filter>Source Files</Filter>
    </ClCompile>
    <ClCompile Include="PointLight.cpp">
      <Filter>Source Files</Filter>
    </ClCompile>
    <ClCompile Include="PPMImage.cpp">
      <Filter>Source Files</Filter>
    </ClCompile>
    <ClCompile Include="Ray.cpp">
      <Filter>Source Files</Filter>
    </ClCompile>
    <ClCompile Include="RTXRenderer.cpp">
      <Filter>Source Files</Filter>
    </ClCompile>
    <ClCompile Include="Sphere.cpp">
      <Filter>Source Files</Filter>
    </ClCompile>
    <ClCompile Include="Triangle.cpp">
      <Filter>Source Files</Filter>
    </ClCompile>
    <ClCompile Include="Utility.cpp">
      <Filter>Source Files</Filter>
    </ClCompile>
    <ClCompile Include="Vector.cpp">
      <Filter>Source Files</Filter>
    </ClCompile>
    <ClCompile Include="Box.cpp">
      <Filter>Source Files</Filter>
    </ClCompile>
    <ClCompile Include="Camera.cpp">
      <Filter>Source Files</Filter>
    </ClCompile>
    <ClCompile Include="RTXApp.cpp">
      <Filter>Source Files</Filter>
    </ClCompile>
    <ClCompile Include="HelloTriangleApplication.cpp">
      <Filter>Source Files</Filter>
    </ClCompile>
    <ClCompile Include="PrxWindow.cpp">
      <Filter>Source Files</Filter>
    </ClCompile>
    <ClCompile Include="PrxApp.cpp">
      <Filter>Source Files</Filter>
    </ClCompile>
    <ClCompile Include="PrxPipeline.cpp">
      <Filter>Source Files</Filter>
    </ClCompile>
    <ClCompile Include="PrxDevice.cpp">
      <Filter>Source Files</Filter>
    </ClCompile>
    <ClCompile Include="PrxSwapChain.cpp">
      <Filter>Source Files</Filter>
    </ClCompile>
    <ClCompile Include="PrxModel.cpp">
      <Filter>Source Files</Filter>
    </ClCompile>
    <ClCompile Include="PrxGameObject.cpp">
      <Filter>Source Files</Filter>
    </ClCompile>
    <ClCompile Include="PrxRenderer.cpp">
      <Filter>Source Files</Filter>
    </ClCompile>
    <ClCompile Include="SimpleRenderSystem.cpp">
      <Filter>Source Files</Filter>
    </ClCompile>
    <ClCompile Include="PrxCamera.cpp">
      <Filter>Source Files</Filter>
    </ClCompile>
    <ClCompile Include="KeyboardMovementController.cpp">
      <Filter>Source Files</Filter>
    </ClCompile>
  </ItemGroup>
  <ItemGroup>
    <ClInclude Include="PointLight.h">
      <Filter>Header Files</Filter>
    </ClInclude>
    <ClInclude Include="PPMImage.h">
      <Filter>Header Files</Filter>
    </ClInclude>
    <ClInclude Include="Ray.h">
      <Filter>Header Files</Filter>
    </ClInclude>
    <ClInclude Include="Sphere.h">
      <Filter>Header Files</Filter>
    </ClInclude>
    <ClInclude Include="Triangle.h">
      <Filter>Header Files</Filter>
    </ClInclude>
    <ClInclude Include="Utility.h">
      <Filter>Header Files</Filter>
    </ClInclude>
    <ClInclude Include="Vector.h">
      <Filter>Header Files</Filter>
    </ClInclude>
    <ClInclude Include="Box.h">
      <Filter>Header Files</Filter>
    </ClInclude>
    <ClInclude Include="Camera.h">
      <Filter>Header Files</Filter>
    </ClInclude>
    <ClInclude Include="Disk.h">
      <Filter>Header Files</Filter>
    </ClInclude>
    <ClInclude Include="Light.h">
      <Filter>Header Files</Filter>
    </ClInclude>
    <ClInclude Include="Matrix22f.h">
      <Filter>Header Files</Filter>
    </ClInclude>
    <ClInclude Include="Matrix33f.h">
      <Filter>Header Files</Filter>
    </ClInclude>
    <ClInclude Include="Matrix44f.h">
      <Filter>Header Files</Filter>
    </ClInclude>
    <ClInclude Include="Object.h">
      <Filter>Header Files</Filter>
    </ClInclude>
    <ClInclude Include="Plane.h">
      <Filter>Header Files</Filter>
    </ClInclude>
    <ClInclude Include="RTXApp.h">
      <Filter>Header Files</Filter>
    </ClInclude>
    <ClInclude Include="PrxWindow.hpp">
      <Filter>Header Files</Filter>
    </ClInclude>
    <ClInclude Include="PrxApp.hpp">
      <Filter>Header Files</Filter>
    </ClInclude>
    <ClInclude Include="PrxPipeline.hpp">
      <Filter>Header Files</Filter>
    </ClInclude>
    <ClInclude Include="PrxDevice.hpp">
      <Filter>Header Files</Filter>
    </ClInclude>
    <ClInclude Include="PrxSwapChain.hpp">
      <Filter>Header Files</Filter>
    </ClInclude>
    <ClInclude Include="PrxModel.hpp">
      <Filter>Header Files</Filter>
    </ClInclude>
    <ClInclude Include="PrxGameObject.hpp">
      <Filter>Header Files</Filter>
    </ClInclude>
    <ClInclude Include="PrxRenderer.hpp">
      <Filter>Header Files</Filter>
    </ClInclude>
    <ClInclude Include="SimpleRenderSystem.hpp">
      <Filter>Header Files</Filter>
    </ClInclude>
    <ClInclude Include="PrxCamera.hpp">
      <Filter>Header Files</Filter>
    </ClInclude>
    <ClInclude Include="KeyboardMovementController.hpp">
      <Filter>Header Files</Filter>
    </ClInclude>
  </ItemGroup>
</Project>