<?xml version="1.0" encoding="utf-8"?>
<Project ToolsVersion="4.0" xmlns="http://schemas.microsoft.com/developer/msbuild/2003">
  <ItemGroup>
    <Filter Include="Source Files">
      <UniqueIdentifier>{4FC737F1-C7A5-4376-A066-2A32D752A2FF}</UniqueIdentifier>
      <Extensions>cpp;c;cc;cxx;c++;cppm;ixx;def;odl;idl;hpj;bat;asm;asmx</Extensions>
    </Filter>
    <Filter Include="Header Files">
      <UniqueIdentifier>{93995380-89BD-4b04-88EB-625FBE52EBFB}</UniqueIdentifier>
      <Extensions>h;hh;hpp;hxx;h++;hm;inl;inc;ipp;xsd</Extensions>
    </Filter>
    <Filter Include="Resource Files">
      <UniqueIdentifier>{67DA6AB6-F800-4c08-8B7A-83BB121AAD01}</UniqueIdentifier>
      <Extensions>rc;ico;cur;bmp;dlg;rc2;rct;bin;rgs;gif;jpg;jpeg;jpe;resx;tiff;tif;png;wav;mfcribbon-ms</Extensions>
    </Filter>
  </ItemGroup>
  <ItemGroup>
    <ClCompile Include="main.cpp">
      <Filter>Source Files</Filter>
    </ClCompile>
    <ClCompile Include="RTXApp.cpp">
      <Filter>Source Files</Filter>
    </ClCompile>
    <ClCompile Include="HelloTriangleApplication.cpp">
      <Filter>Source Files</Filter>
    </ClCompile>
    <ClCompile Include="PrxWindow.cpp">
      <Filter>Source Files</Filter>
    </ClCompile>
    <ClCompile Include="PrxApp.cpp">
      <Filter>Source Files</Filter>
    </ClCompile>
    <ClCompile Include="PrxPipeline.cpp">
      <Filter>Source Files</Filter>
    </ClCompile>
    <ClCompile Include="PrxDevice.cpp">
      <Filter>Source Files</Filter>
    </ClCompile>
    <ClCompile Include="PrxSwapChain.cpp">
      <Filter>Source Files</Filter>
    </ClCompile>
    <ClCompile Include="PrxModel.cpp">
      <Filter>Source Files</Filter>
    </ClCompile>
    <ClCompile Include="PrxGameObject.cpp">
      <Filter>Source Files</Filter>
    </ClCompile>
    <ClCompile Include="PrxRenderer.cpp">
      <Filter>Source Files</Filter>
    </ClCompile>
    <ClCompile Include="PrxCamera.cpp">
      <Filter>Source Files</Filter>
    </ClCompile>
    <ClCompile Include="KeyboardMovementController.cpp">
      <Filter>Source Files</Filter>
    </ClCompile>
    <ClCompile Include="PrxBuffer.cpp">
      <Filter>Source Files</Filter>
    </ClCompile>
    <ClCompile Include="PrxDescriptors.cpp">
      <Filter>Source Files</Filter>
    </ClCompile>
    <ClCompile Include="systems\PointLightSystem.cpp">
      <Filter>Source Files</Filter>
    </ClCompile>
    <ClCompile Include="systems\SimpleRenderSystem.cpp">
      <Filter>Source Files</Filter>
    </ClCompile>
    <ClCompile Include="PrxTexture.cpp">
      <Filter>Source Files</Filter>
    </ClCompile>
    <ClCompile Include="PrxMaterial.cpp">
      <Filter>Source Files</Filter>
    </ClCompile>
    <ClCompile Include="PrxTest.cpp">
      <Filter>Source Files</Filter>
    </ClCompile>
  </ItemGroup>
  <ItemGroup>
    <ClInclude Include="RTXApp.h">
      <Filter>Header Files</Filter>
    </ClInclude>
    <ClInclude Include="PrxWindow.hpp">
      <Filter>Header Files</Filter>
    </ClInclude>
    <ClInclude Include="PrxApp.hpp">
      <Filter>Header Files</Filter>
    </ClInclude>
    <ClInclude Include="PrxPipeline.hpp">
      <Filter>Header Files</Filter>
    </ClInclude>
    <ClInclude Include="PrxDevice.hpp">
      <Filter>Header Files</Filter>
    </ClInclude>
    <ClInclude Include="PrxSwapChain.hpp">
      <Filter>Header Files</Filter>
    </ClInclude>
    <ClInclude Include="PrxModel.hpp">
      <Filter>Header Files</Filter>
    </ClInclude>
    <ClInclude Include="PrxGameObject.hpp">
      <Filter>Header Files</Filter>
    </ClInclude>
    <ClInclude Include="PrxRenderer.hpp">
      <Filter>Header Files</Filter>
    </ClInclude>
    <ClInclude Include="PrxCamera.hpp">
      <Filter>Header Files</Filter>
    </ClInclude>
    <ClInclude Include="KeyboardMovementController.hpp">
      <Filter>Header Files</Filter>
    </ClInclude>
    <ClInclude Include="PrxUtils.hpp">
      <Filter>Header Files</Filter>
    </ClInclude>
    <ClInclude Include="PrxBuffer.hpp">
      <Filter>Header Files</Filter>
    </ClInclude>
    <ClInclude Include="PrxFrameInfo.hpp">
      <Filter>Header Files</Filter>
    </ClInclude>
    <ClInclude Include="PrxDescriptors.hpp">
      <Filter>Header Files</Filter>
    </ClInclude>
    <ClInclude Include="systems\PointLightSystem.hpp">
      <Filter>Header Files</Filter>
    </ClInclude>
    <ClInclude Include="systems\SimpleRenderSystem.hpp">
      <Filter>Header Files</Filter>
    </ClInclude>
    <ClInclude Include="PrxTexture.hpp">
      <Filter>Header Files</Filter>
    </ClInclude>
    <ClInclude Include="PrxMaterial.hpp">
      <Filter>Header Files</Filter>
    </ClInclude>
    <ClInclude Include="PrxGlobalVars.hpp">
      <Filter>Header Files</Filter>
    </ClInclude>
    <ClInclude Include="PrxTest.h">
      <Filter>Header Files</Filter>
    </ClInclude>
  </ItemGroup>
</Project>